
Microsoft Visual Studio Solution File, Format Version 12.00
# Visual Studio Version 17
VisualStudioVersion = 17.11.35303.130
MinimumVisualStudioVersion = 10.0.40219.1
Project("{9A19103F-16F7-4668-BE54-9A1E7A4F7556}") = "MazeLibrary", "MazeLibrary\MazeLibrary.csproj", "{40782DCC-AA07-47F2-AD23-FDC7999CBDEF}"
EndProject
Project("{2150E333-8FDC-42A3-9474-1A3956D46DE8}") = "AbstractFactory", "AbstractFactory", "{97FEDE51-F60A-4346-B03E-87EB6A3FB881}"
EndProject
Project("{9A19103F-16F7-4668-BE54-9A1E7A4F7556}") = "AbstractFactory", "AbstractFactory\AbstractFactory.csproj", "{3EA99F54-4A0C-4CA7-A946-8262DF01867F}"
	ProjectSection(ProjectDependencies) = postProject
		{40782DCC-AA07-47F2-AD23-FDC7999CBDEF} = {40782DCC-AA07-47F2-AD23-FDC7999CBDEF}
	EndProjectSection
EndProject
Project("{2150E333-8FDC-42A3-9474-1A3956D46DE8}") = "Builder", "Builder", "{EECB3CB6-AB6E-4984-B5BF-24E2B9441DA1}"
EndProject
Project("{9A19103F-16F7-4668-BE54-9A1E7A4F7556}") = "Builder", "Builder\Builder.csproj", "{1123B1EC-AFD1-4F60-A50D-DA5D72D25188}"
EndProject
Project("{9A19103F-16F7-4668-BE54-9A1E7A4F7556}") = "ProgramAbstractFactory", "ProgramAbstractFactory\ProgramAbstractFactory.csproj", "{36C5191C-13A4-4321-8E05-64179AC6F067}"
EndProject
Project("{2150E333-8FDC-42A3-9474-1A3956D46DE8}") = "Factory Method", "Factory Method", "{2CAE3522-1231-4059-9513-24B247DA1B10}"
EndProject
Project("{9A19103F-16F7-4668-BE54-9A1E7A4F7556}") = "FactoryMethod", "IFactoryMethod\FactoryMethod.csproj", "{42658476-BB47-43EC-94E0-5C9A68EF1220}"
	ProjectSection(ProjectDependencies) = postProject
		{40782DCC-AA07-47F2-AD23-FDC7999CBDEF} = {40782DCC-AA07-47F2-AD23-FDC7999CBDEF}
	EndProjectSection
EndProject
Project("{2150E333-8FDC-42A3-9474-1A3956D46DE8}") = "Prototype", "Prototype", "{50334652-2038-4813-A7CE-555B9CF5ECB6}"
EndProject
Project("{9A19103F-16F7-4668-BE54-9A1E7A4F7556}") = "MazePrototype", "MazePrototype\MazePrototype.csproj", "{A8AECD97-E944-42EC-BDB1-66EE51B1F9D2}"
EndProject
Project("{2150E333-8FDC-42A3-9474-1A3956D46DE8}") = "Singleton", "Singleton", "{5B7D539F-45DF-46F7-B467-8B6EBB0175E7}"
EndProject
Project("{9A19103F-16F7-4668-BE54-9A1E7A4F7556}") = "MazeSingleton", "MazeSingleton\MazeSingleton.csproj", "{DBBD2164-0B36-4852-BCDA-3D344673807D}"
EndProject
Project("{9A19103F-16F7-4668-BE54-9A1E7A4F7556}") = "ProgramSingleton", "ProgramSingleton\ProgramSingleton.csproj", "{16C394B0-C85B-4A65-8CDC-9956260168B7}"
EndProject
Project("{9A19103F-16F7-4668-BE54-9A1E7A4F7556}") = "ProgramPrototype", "ProgramPrototype\ProgramPrototype.csproj", "{733D390F-89D2-4DB0-8255-5BB8E561B530}"
EndProject
Project("{2150E333-8FDC-42A3-9474-1A3956D46DE8}") = "Adapter", "Adapter", "{5650AC48-C38C-4BE6-97C7-BB6070235478}"
EndProject
Project("{9A19103F-16F7-4668-BE54-9A1E7A4F7556}") = "Adapter", "Adapter\Adapter.csproj", "{AB7154A0-04E5-4090-BD40-05D18D5F165E}"
EndProject
Project("{9A19103F-16F7-4668-BE54-9A1E7A4F7556}") = "AdapterProgram", "AdapterProgram\AdapterProgram.csproj", "{7FED20B7-4B44-463F-A60F-3B298895407E}"
EndProject
Project("{9A19103F-16F7-4668-BE54-9A1E7A4F7556}") = "RemoteControlLibrary", "RemoteControlLibrary\RemoteControlLibrary.csproj", "{2D1E9F5B-91E5-485D-860C-B108702377BC}"
EndProject
Project("{2150E333-8FDC-42A3-9474-1A3956D46DE8}") = "Bridge", "Bridge", "{754FF9B6-7B7D-480D-8DBA-D4F0A21DFDA3}"
EndProject
Project("{9A19103F-16F7-4668-BE54-9A1E7A4F7556}") = "RemoteControlBridge", "RemoteControlBridge\RemoteControlBridge.csproj", "{83E2A9F2-76DB-47C8-A8AF-546ECCFCC03E}"
EndProject
Project("{9A19103F-16F7-4668-BE54-9A1E7A4F7556}") = "ProgramBridge", "ProgramBridge\ProgramBridge.csproj", "{1323B785-769F-41EE-84D3-48CA7E3A544C}"
EndProject
Project("{2150E333-8FDC-42A3-9474-1A3956D46DE8}") = "Decorator", "Decorator", "{2D38429A-E515-4410-AB2F-B21AC0CEB9BC}"
EndProject
Project("{9A19103F-16F7-4668-BE54-9A1E7A4F7556}") = "RemoteControlDecorator", "RemoteControlDecorator\RemoteControlDecorator.csproj", "{88637CD2-2A82-4327-B336-8E20A5A1124A}"
EndProject
Project("{9A19103F-16F7-4668-BE54-9A1E7A4F7556}") = "ProgramDecorator", "ProgramDecorator\ProgramDecorator.csproj", "{69F7B35F-CBB7-4D1C-AE7D-15FA1EF84C23}"
EndProject
Project("{2150E333-8FDC-42A3-9474-1A3956D46DE8}") = "Facade", "Facade", "{D70663CE-403F-4270-B6EC-CE5B9826563F}"
EndProject
Project("{9A19103F-16F7-4668-BE54-9A1E7A4F7556}") = "RemoteControlFacade", "RemoteControlFacade\RemoteControlFacade.csproj", "{AD81258A-0938-420E-8862-91D7D699F890}"
EndProject
Project("{9A19103F-16F7-4668-BE54-9A1E7A4F7556}") = "ProgramFacade", "ProgramFacade\ProgramFacade.csproj", "{A67DC7FB-2FA4-46C9-8206-4B5E253EE1EA}"
EndProject
Project("{2150E333-8FDC-42A3-9474-1A3956D46DE8}") = "Proxy", "Proxy", "{22C3CDF0-BE57-43CD-B16D-74343DA768DA}"
EndProject
Project("{9A19103F-16F7-4668-BE54-9A1E7A4F7556}") = "RemoteControlProxy", "RemoteControlProxy\RemoteControlProxy.csproj", "{D7558013-A883-4886-A010-8F95A0921FF9}"
EndProject
Project("{9A19103F-16F7-4668-BE54-9A1E7A4F7556}") = "ProgramProxy", "ProgramProxy\ProgramProxy.csproj", "{E6511F47-A5BE-40DB-8F46-A3F8FA77F69A}"
EndProject
Project("{2150E333-8FDC-42A3-9474-1A3956D46DE8}") = "Composite", "Composite", "{4033E241-B93C-45BB-96A7-1F3B3679C095}"
EndProject
Project("{9A19103F-16F7-4668-BE54-9A1E7A4F7556}") = "BinaryTree", "BinaryTree\BinaryTree.csproj", "{7A33B441-E1DB-4506-BA72-08D40F3E85B3}"
EndProject
Project("{9A19103F-16F7-4668-BE54-9A1E7A4F7556}") = "ProgramCompsoiteAndIterator", "ProgramCompsoiteAndIterator\ProgramCompsoiteAndIterator.csproj", "{A074590F-2E07-494F-98B7-153F7B423774}"
EndProject
Project("{2150E333-8FDC-42A3-9474-1A3956D46DE8}") = "ChainOfResponsibility", "ChainOfResponsibility", "{EB5528DF-C503-40F3-9D79-3286BBD9519B}"
EndProject
Project("{9A19103F-16F7-4668-BE54-9A1E7A4F7556}") = "ChainOfResponsibility", "ChainOfResponsibility\ChainOfResponsibility.csproj", "{74C8562E-A9E2-4C33-9D7E-85CAD0CBAA01}"
EndProject
Project("{9A19103F-16F7-4668-BE54-9A1E7A4F7556}") = "ProgramChainOfResponsibility", "ProgramChainOfResponsibility\ProgramChainOfResponsibility.csproj", "{7C83B479-3203-4625-8549-3CAC4404DC43}"
EndProject
Project("{2150E333-8FDC-42A3-9474-1A3956D46DE8}") = "Command", "Command", "{AE20B895-06B9-421E-AABB-835CB0488464}"
EndProject
Project("{9A19103F-16F7-4668-BE54-9A1E7A4F7556}") = "Command", "Command\Command.csproj", "{5CFE5C36-4641-4C14-BD85-5F7DD68E9ACF}"
EndProject
Project("{9A19103F-16F7-4668-BE54-9A1E7A4F7556}") = "ProgramCommand", "ProgramCommand\ProgramCommand.csproj", "{065A2F6B-EFFB-4E3D-90AD-ADA8C95D879A}"
EndProject
Project("{2150E333-8FDC-42A3-9474-1A3956D46DE8}") = "Memento", "Memento", "{CA7950A9-C0EC-47E9-BBCB-EE1CA58CFA52}"
EndProject
Project("{9A19103F-16F7-4668-BE54-9A1E7A4F7556}") = "Memento", "Memento\Memento.csproj", "{3CA284FD-0D40-4EA3-8F94-9F9A7730AF50}"
EndProject
Project("{9A19103F-16F7-4668-BE54-9A1E7A4F7556}") = "ProgramMemento", "ProgramMemento\ProgramMemento.csproj", "{291EAF1B-D1AD-4C72-84FA-63AA200F62B3}"
EndProject
Project("{2150E333-8FDC-42A3-9474-1A3956D46DE8}") = "Mediator", "Mediator", "{BD6B7E9B-F7B9-4728-A3CE-55EEC260785E}"
EndProject
Project("{9A19103F-16F7-4668-BE54-9A1E7A4F7556}") = "Mediator", "Mediator\Mediator.csproj", "{D4231A23-CD11-4B5A-BA26-DDC9553AAF6A}"
EndProject
Project("{9A19103F-16F7-4668-BE54-9A1E7A4F7556}") = "ProgramMediator", "ProgramMediator\ProgramMediator.csproj", "{FED788E7-3309-45C8-AC01-A582171C0310}"
EndProject
Project("{2150E333-8FDC-42A3-9474-1A3956D46DE8}") = "Observer", "Observer", "{6A6BDC18-521E-47E5-AD88-9FE153715859}"
EndProject
Project("{9A19103F-16F7-4668-BE54-9A1E7A4F7556}") = "Observer", "Observer\Observer.csproj", "{8C8CCC87-4AC4-4BD4-8D70-457E500EDEDA}"
EndProject
Project("{9A19103F-16F7-4668-BE54-9A1E7A4F7556}") = "ProgramObserver", "ProgramObserver\ProgramObserver.csproj", "{A377A29B-62F0-47EE-9FB6-05769267A73C}"
EndProject
Project("{2150E333-8FDC-42A3-9474-1A3956D46DE8}") = "State", "State", "{33629170-7960-47BC-A99A-C8861A7079BF}"
EndProject
Project("{FAE04EC0-301F-11D3-BF4B-00C04F79EFBC}") = "State", "State\State.csproj", "{E42A4F69-09E6-4FEB-AE09-A7C726A09AAF}"
EndProject
Project("{FAE04EC0-301F-11D3-BF4B-00C04F79EFBC}") = "ProgramState", "ProgramState\ProgramState.csproj", "{66044601-ECA4-42D2-85F6-DF46505AD342}"
EndProject
Global
	GlobalSection(SolutionConfigurationPlatforms) = preSolution
		Debug|Any CPU = Debug|Any CPU
		Release|Any CPU = Release|Any CPU
	EndGlobalSection
	GlobalSection(ProjectConfigurationPlatforms) = postSolution
		{40782DCC-AA07-47F2-AD23-FDC7999CBDEF}.Debug|Any CPU.ActiveCfg = Debug|Any CPU
		{40782DCC-AA07-47F2-AD23-FDC7999CBDEF}.Debug|Any CPU.Build.0 = Debug|Any CPU
		{40782DCC-AA07-47F2-AD23-FDC7999CBDEF}.Release|Any CPU.ActiveCfg = Release|Any CPU
		{40782DCC-AA07-47F2-AD23-FDC7999CBDEF}.Release|Any CPU.Build.0 = Release|Any CPU
		{3EA99F54-4A0C-4CA7-A946-8262DF01867F}.Debug|Any CPU.ActiveCfg = Debug|Any CPU
		{3EA99F54-4A0C-4CA7-A946-8262DF01867F}.Debug|Any CPU.Build.0 = Debug|Any CPU
		{3EA99F54-4A0C-4CA7-A946-8262DF01867F}.Release|Any CPU.ActiveCfg = Release|Any CPU
		{3EA99F54-4A0C-4CA7-A946-8262DF01867F}.Release|Any CPU.Build.0 = Release|Any CPU
		{1123B1EC-AFD1-4F60-A50D-DA5D72D25188}.Debug|Any CPU.ActiveCfg = Debug|Any CPU
		{1123B1EC-AFD1-4F60-A50D-DA5D72D25188}.Debug|Any CPU.Build.0 = Debug|Any CPU
		{1123B1EC-AFD1-4F60-A50D-DA5D72D25188}.Release|Any CPU.ActiveCfg = Release|Any CPU
		{1123B1EC-AFD1-4F60-A50D-DA5D72D25188}.Release|Any CPU.Build.0 = Release|Any CPU
		{36C5191C-13A4-4321-8E05-64179AC6F067}.Debug|Any CPU.ActiveCfg = Debug|Any CPU
		{36C5191C-13A4-4321-8E05-64179AC6F067}.Debug|Any CPU.Build.0 = Debug|Any CPU
		{36C5191C-13A4-4321-8E05-64179AC6F067}.Release|Any CPU.ActiveCfg = Release|Any CPU
		{36C5191C-13A4-4321-8E05-64179AC6F067}.Release|Any CPU.Build.0 = Release|Any CPU
		{42658476-BB47-43EC-94E0-5C9A68EF1220}.Debug|Any CPU.ActiveCfg = Debug|Any CPU
		{42658476-BB47-43EC-94E0-5C9A68EF1220}.Debug|Any CPU.Build.0 = Debug|Any CPU
		{42658476-BB47-43EC-94E0-5C9A68EF1220}.Release|Any CPU.ActiveCfg = Release|Any CPU
		{42658476-BB47-43EC-94E0-5C9A68EF1220}.Release|Any CPU.Build.0 = Release|Any CPU
		{A8AECD97-E944-42EC-BDB1-66EE51B1F9D2}.Debug|Any CPU.ActiveCfg = Debug|Any CPU
		{A8AECD97-E944-42EC-BDB1-66EE51B1F9D2}.Debug|Any CPU.Build.0 = Debug|Any CPU
		{A8AECD97-E944-42EC-BDB1-66EE51B1F9D2}.Release|Any CPU.ActiveCfg = Release|Any CPU
		{A8AECD97-E944-42EC-BDB1-66EE51B1F9D2}.Release|Any CPU.Build.0 = Release|Any CPU
		{DBBD2164-0B36-4852-BCDA-3D344673807D}.Debug|Any CPU.ActiveCfg = Debug|Any CPU
		{DBBD2164-0B36-4852-BCDA-3D344673807D}.Debug|Any CPU.Build.0 = Debug|Any CPU
		{DBBD2164-0B36-4852-BCDA-3D344673807D}.Release|Any CPU.ActiveCfg = Release|Any CPU
		{DBBD2164-0B36-4852-BCDA-3D344673807D}.Release|Any CPU.Build.0 = Release|Any CPU
		{16C394B0-C85B-4A65-8CDC-9956260168B7}.Debug|Any CPU.ActiveCfg = Debug|Any CPU
		{16C394B0-C85B-4A65-8CDC-9956260168B7}.Debug|Any CPU.Build.0 = Debug|Any CPU
		{16C394B0-C85B-4A65-8CDC-9956260168B7}.Release|Any CPU.ActiveCfg = Release|Any CPU
		{16C394B0-C85B-4A65-8CDC-9956260168B7}.Release|Any CPU.Build.0 = Release|Any CPU
		{733D390F-89D2-4DB0-8255-5BB8E561B530}.Debug|Any CPU.ActiveCfg = Debug|Any CPU
		{733D390F-89D2-4DB0-8255-5BB8E561B530}.Debug|Any CPU.Build.0 = Debug|Any CPU
		{733D390F-89D2-4DB0-8255-5BB8E561B530}.Release|Any CPU.ActiveCfg = Release|Any CPU
		{733D390F-89D2-4DB0-8255-5BB8E561B530}.Release|Any CPU.Build.0 = Release|Any CPU
		{AB7154A0-04E5-4090-BD40-05D18D5F165E}.Debug|Any CPU.ActiveCfg = Debug|Any CPU
		{AB7154A0-04E5-4090-BD40-05D18D5F165E}.Debug|Any CPU.Build.0 = Debug|Any CPU
		{AB7154A0-04E5-4090-BD40-05D18D5F165E}.Release|Any CPU.ActiveCfg = Release|Any CPU
		{AB7154A0-04E5-4090-BD40-05D18D5F165E}.Release|Any CPU.Build.0 = Release|Any CPU
		{7FED20B7-4B44-463F-A60F-3B298895407E}.Debug|Any CPU.ActiveCfg = Debug|Any CPU
		{7FED20B7-4B44-463F-A60F-3B298895407E}.Debug|Any CPU.Build.0 = Debug|Any CPU
		{7FED20B7-4B44-463F-A60F-3B298895407E}.Release|Any CPU.ActiveCfg = Release|Any CPU
		{7FED20B7-4B44-463F-A60F-3B298895407E}.Release|Any CPU.Build.0 = Release|Any CPU
		{2D1E9F5B-91E5-485D-860C-B108702377BC}.Debug|Any CPU.ActiveCfg = Debug|Any CPU
		{2D1E9F5B-91E5-485D-860C-B108702377BC}.Debug|Any CPU.Build.0 = Debug|Any CPU
		{2D1E9F5B-91E5-485D-860C-B108702377BC}.Release|Any CPU.ActiveCfg = Release|Any CPU
		{2D1E9F5B-91E5-485D-860C-B108702377BC}.Release|Any CPU.Build.0 = Release|Any CPU
		{83E2A9F2-76DB-47C8-A8AF-546ECCFCC03E}.Debug|Any CPU.ActiveCfg = Debug|Any CPU
		{83E2A9F2-76DB-47C8-A8AF-546ECCFCC03E}.Debug|Any CPU.Build.0 = Debug|Any CPU
		{83E2A9F2-76DB-47C8-A8AF-546ECCFCC03E}.Release|Any CPU.ActiveCfg = Release|Any CPU
		{83E2A9F2-76DB-47C8-A8AF-546ECCFCC03E}.Release|Any CPU.Build.0 = Release|Any CPU
		{1323B785-769F-41EE-84D3-48CA7E3A544C}.Debug|Any CPU.ActiveCfg = Debug|Any CPU
		{1323B785-769F-41EE-84D3-48CA7E3A544C}.Debug|Any CPU.Build.0 = Debug|Any CPU
		{1323B785-769F-41EE-84D3-48CA7E3A544C}.Release|Any CPU.ActiveCfg = Release|Any CPU
		{1323B785-769F-41EE-84D3-48CA7E3A544C}.Release|Any CPU.Build.0 = Release|Any CPU
		{88637CD2-2A82-4327-B336-8E20A5A1124A}.Debug|Any CPU.ActiveCfg = Debug|Any CPU
		{88637CD2-2A82-4327-B336-8E20A5A1124A}.Debug|Any CPU.Build.0 = Debug|Any CPU
		{88637CD2-2A82-4327-B336-8E20A5A1124A}.Release|Any CPU.ActiveCfg = Release|Any CPU
		{88637CD2-2A82-4327-B336-8E20A5A1124A}.Release|Any CPU.Build.0 = Release|Any CPU
		{69F7B35F-CBB7-4D1C-AE7D-15FA1EF84C23}.Debug|Any CPU.ActiveCfg = Debug|Any CPU
		{69F7B35F-CBB7-4D1C-AE7D-15FA1EF84C23}.Debug|Any CPU.Build.0 = Debug|Any CPU
		{69F7B35F-CBB7-4D1C-AE7D-15FA1EF84C23}.Release|Any CPU.ActiveCfg = Release|Any CPU
		{69F7B35F-CBB7-4D1C-AE7D-15FA1EF84C23}.Release|Any CPU.Build.0 = Release|Any CPU
		{AD81258A-0938-420E-8862-91D7D699F890}.Debug|Any CPU.ActiveCfg = Debug|Any CPU
		{AD81258A-0938-420E-8862-91D7D699F890}.Debug|Any CPU.Build.0 = Debug|Any CPU
		{AD81258A-0938-420E-8862-91D7D699F890}.Release|Any CPU.ActiveCfg = Release|Any CPU
		{AD81258A-0938-420E-8862-91D7D699F890}.Release|Any CPU.Build.0 = Release|Any CPU
		{A67DC7FB-2FA4-46C9-8206-4B5E253EE1EA}.Debug|Any CPU.ActiveCfg = Debug|Any CPU
		{A67DC7FB-2FA4-46C9-8206-4B5E253EE1EA}.Debug|Any CPU.Build.0 = Debug|Any CPU
		{A67DC7FB-2FA4-46C9-8206-4B5E253EE1EA}.Release|Any CPU.ActiveCfg = Release|Any CPU
		{A67DC7FB-2FA4-46C9-8206-4B5E253EE1EA}.Release|Any CPU.Build.0 = Release|Any CPU
		{D7558013-A883-4886-A010-8F95A0921FF9}.Debug|Any CPU.ActiveCfg = Debug|Any CPU
		{D7558013-A883-4886-A010-8F95A0921FF9}.Debug|Any CPU.Build.0 = Debug|Any CPU
		{D7558013-A883-4886-A010-8F95A0921FF9}.Release|Any CPU.ActiveCfg = Release|Any CPU
		{D7558013-A883-4886-A010-8F95A0921FF9}.Release|Any CPU.Build.0 = Release|Any CPU
		{E6511F47-A5BE-40DB-8F46-A3F8FA77F69A}.Debug|Any CPU.ActiveCfg = Debug|Any CPU
		{E6511F47-A5BE-40DB-8F46-A3F8FA77F69A}.Debug|Any CPU.Build.0 = Debug|Any CPU
		{E6511F47-A5BE-40DB-8F46-A3F8FA77F69A}.Release|Any CPU.ActiveCfg = Release|Any CPU
		{E6511F47-A5BE-40DB-8F46-A3F8FA77F69A}.Release|Any CPU.Build.0 = Release|Any CPU
		{7A33B441-E1DB-4506-BA72-08D40F3E85B3}.Debug|Any CPU.ActiveCfg = Debug|Any CPU
		{7A33B441-E1DB-4506-BA72-08D40F3E85B3}.Debug|Any CPU.Build.0 = Debug|Any CPU
		{7A33B441-E1DB-4506-BA72-08D40F3E85B3}.Release|Any CPU.ActiveCfg = Release|Any CPU
		{7A33B441-E1DB-4506-BA72-08D40F3E85B3}.Release|Any CPU.Build.0 = Release|Any CPU
		{A074590F-2E07-494F-98B7-153F7B423774}.Debug|Any CPU.ActiveCfg = Debug|Any CPU
		{A074590F-2E07-494F-98B7-153F7B423774}.Debug|Any CPU.Build.0 = Debug|Any CPU
		{A074590F-2E07-494F-98B7-153F7B423774}.Release|Any CPU.ActiveCfg = Release|Any CPU
		{A074590F-2E07-494F-98B7-153F7B423774}.Release|Any CPU.Build.0 = Release|Any CPU
		{74C8562E-A9E2-4C33-9D7E-85CAD0CBAA01}.Debug|Any CPU.ActiveCfg = Debug|Any CPU
		{74C8562E-A9E2-4C33-9D7E-85CAD0CBAA01}.Debug|Any CPU.Build.0 = Debug|Any CPU
		{74C8562E-A9E2-4C33-9D7E-85CAD0CBAA01}.Release|Any CPU.ActiveCfg = Release|Any CPU
		{74C8562E-A9E2-4C33-9D7E-85CAD0CBAA01}.Release|Any CPU.Build.0 = Release|Any CPU
		{7C83B479-3203-4625-8549-3CAC4404DC43}.Debug|Any CPU.ActiveCfg = Debug|Any CPU
		{7C83B479-3203-4625-8549-3CAC4404DC43}.Debug|Any CPU.Build.0 = Debug|Any CPU
		{7C83B479-3203-4625-8549-3CAC4404DC43}.Release|Any CPU.ActiveCfg = Release|Any CPU
		{7C83B479-3203-4625-8549-3CAC4404DC43}.Release|Any CPU.Build.0 = Release|Any CPU
		{5CFE5C36-4641-4C14-BD85-5F7DD68E9ACF}.Debug|Any CPU.ActiveCfg = Debug|Any CPU
		{5CFE5C36-4641-4C14-BD85-5F7DD68E9ACF}.Debug|Any CPU.Build.0 = Debug|Any CPU
		{5CFE5C36-4641-4C14-BD85-5F7DD68E9ACF}.Release|Any CPU.ActiveCfg = Release|Any CPU
		{5CFE5C36-4641-4C14-BD85-5F7DD68E9ACF}.Release|Any CPU.Build.0 = Release|Any CPU
		{065A2F6B-EFFB-4E3D-90AD-ADA8C95D879A}.Debug|Any CPU.ActiveCfg = Debug|Any CPU
		{065A2F6B-EFFB-4E3D-90AD-ADA8C95D879A}.Debug|Any CPU.Build.0 = Debug|Any CPU
		{065A2F6B-EFFB-4E3D-90AD-ADA8C95D879A}.Release|Any CPU.ActiveCfg = Release|Any CPU
		{065A2F6B-EFFB-4E3D-90AD-ADA8C95D879A}.Release|Any CPU.Build.0 = Release|Any CPU
		{3CA284FD-0D40-4EA3-8F94-9F9A7730AF50}.Debug|Any CPU.ActiveCfg = Debug|Any CPU
		{3CA284FD-0D40-4EA3-8F94-9F9A7730AF50}.Debug|Any CPU.Build.0 = Debug|Any CPU
		{3CA284FD-0D40-4EA3-8F94-9F9A7730AF50}.Release|Any CPU.ActiveCfg = Release|Any CPU
		{3CA284FD-0D40-4EA3-8F94-9F9A7730AF50}.Release|Any CPU.Build.0 = Release|Any CPU
		{291EAF1B-D1AD-4C72-84FA-63AA200F62B3}.Debug|Any CPU.ActiveCfg = Debug|Any CPU
		{291EAF1B-D1AD-4C72-84FA-63AA200F62B3}.Debug|Any CPU.Build.0 = Debug|Any CPU
		{291EAF1B-D1AD-4C72-84FA-63AA200F62B3}.Release|Any CPU.ActiveCfg = Release|Any CPU
		{291EAF1B-D1AD-4C72-84FA-63AA200F62B3}.Release|Any CPU.Build.0 = Release|Any CPU
		{D4231A23-CD11-4B5A-BA26-DDC9553AAF6A}.Debug|Any CPU.ActiveCfg = Debug|Any CPU
		{D4231A23-CD11-4B5A-BA26-DDC9553AAF6A}.Debug|Any CPU.Build.0 = Debug|Any CPU
		{D4231A23-CD11-4B5A-BA26-DDC9553AAF6A}.Release|Any CPU.ActiveCfg = Release|Any CPU
		{D4231A23-CD11-4B5A-BA26-DDC9553AAF6A}.Release|Any CPU.Build.0 = Release|Any CPU
		{FED788E7-3309-45C8-AC01-A582171C0310}.Debug|Any CPU.ActiveCfg = Debug|Any CPU
		{FED788E7-3309-45C8-AC01-A582171C0310}.Debug|Any CPU.Build.0 = Debug|Any CPU
		{FED788E7-3309-45C8-AC01-A582171C0310}.Release|Any CPU.ActiveCfg = Release|Any CPU
		{FED788E7-3309-45C8-AC01-A582171C0310}.Release|Any CPU.Build.0 = Release|Any CPU
		{8C8CCC87-4AC4-4BD4-8D70-457E500EDEDA}.Debug|Any CPU.ActiveCfg = Debug|Any CPU
		{8C8CCC87-4AC4-4BD4-8D70-457E500EDEDA}.Debug|Any CPU.Build.0 = Debug|Any CPU
		{8C8CCC87-4AC4-4BD4-8D70-457E500EDEDA}.Release|Any CPU.ActiveCfg = Release|Any CPU
		{8C8CCC87-4AC4-4BD4-8D70-457E500EDEDA}.Release|Any CPU.Build.0 = Release|Any CPU
		{A377A29B-62F0-47EE-9FB6-05769267A73C}.Debug|Any CPU.ActiveCfg = Debug|Any CPU
		{A377A29B-62F0-47EE-9FB6-05769267A73C}.Debug|Any CPU.Build.0 = Debug|Any CPU
		{A377A29B-62F0-47EE-9FB6-05769267A73C}.Release|Any CPU.ActiveCfg = Release|Any CPU
		{A377A29B-62F0-47EE-9FB6-05769267A73C}.Release|Any CPU.Build.0 = Release|Any CPU
		{E42A4F69-09E6-4FEB-AE09-A7C726A09AAF}.Debug|Any CPU.ActiveCfg = Debug|Any CPU
		{E42A4F69-09E6-4FEB-AE09-A7C726A09AAF}.Debug|Any CPU.Build.0 = Debug|Any CPU
		{E42A4F69-09E6-4FEB-AE09-A7C726A09AAF}.Release|Any CPU.ActiveCfg = Release|Any CPU
		{E42A4F69-09E6-4FEB-AE09-A7C726A09AAF}.Release|Any CPU.Build.0 = Release|Any CPU
		{66044601-ECA4-42D2-85F6-DF46505AD342}.Debug|Any CPU.ActiveCfg = Debug|Any CPU
		{66044601-ECA4-42D2-85F6-DF46505AD342}.Debug|Any CPU.Build.0 = Debug|Any CPU
		{66044601-ECA4-42D2-85F6-DF46505AD342}.Release|Any CPU.ActiveCfg = Release|Any CPU
		{66044601-ECA4-42D2-85F6-DF46505AD342}.Release|Any CPU.Build.0 = Release|Any CPU
	EndGlobalSection
	GlobalSection(SolutionProperties) = preSolution
		HideSolutionNode = FALSE
	EndGlobalSection
	GlobalSection(NestedProjects) = preSolution
		{3EA99F54-4A0C-4CA7-A946-8262DF01867F} = {97FEDE51-F60A-4346-B03E-87EB6A3FB881}
		{1123B1EC-AFD1-4F60-A50D-DA5D72D25188} = {EECB3CB6-AB6E-4984-B5BF-24E2B9441DA1}
		{36C5191C-13A4-4321-8E05-64179AC6F067} = {97FEDE51-F60A-4346-B03E-87EB6A3FB881}
		{42658476-BB47-43EC-94E0-5C9A68EF1220} = {2CAE3522-1231-4059-9513-24B247DA1B10}
		{A8AECD97-E944-42EC-BDB1-66EE51B1F9D2} = {50334652-2038-4813-A7CE-555B9CF5ECB6}
		{DBBD2164-0B36-4852-BCDA-3D344673807D} = {5B7D539F-45DF-46F7-B467-8B6EBB0175E7}
		{16C394B0-C85B-4A65-8CDC-9956260168B7} = {5B7D539F-45DF-46F7-B467-8B6EBB0175E7}
		{733D390F-89D2-4DB0-8255-5BB8E561B530} = {50334652-2038-4813-A7CE-555B9CF5ECB6}
		{AB7154A0-04E5-4090-BD40-05D18D5F165E} = {5650AC48-C38C-4BE6-97C7-BB6070235478}
		{7FED20B7-4B44-463F-A60F-3B298895407E} = {5650AC48-C38C-4BE6-97C7-BB6070235478}
		{83E2A9F2-76DB-47C8-A8AF-546ECCFCC03E} = {754FF9B6-7B7D-480D-8DBA-D4F0A21DFDA3}
		{1323B785-769F-41EE-84D3-48CA7E3A544C} = {754FF9B6-7B7D-480D-8DBA-D4F0A21DFDA3}
		{88637CD2-2A82-4327-B336-8E20A5A1124A} = {2D38429A-E515-4410-AB2F-B21AC0CEB9BC}
		{69F7B35F-CBB7-4D1C-AE7D-15FA1EF84C23} = {2D38429A-E515-4410-AB2F-B21AC0CEB9BC}
		{AD81258A-0938-420E-8862-91D7D699F890} = {D70663CE-403F-4270-B6EC-CE5B9826563F}
		{A67DC7FB-2FA4-46C9-8206-4B5E253EE1EA} = {D70663CE-403F-4270-B6EC-CE5B9826563F}
		{D7558013-A883-4886-A010-8F95A0921FF9} = {22C3CDF0-BE57-43CD-B16D-74343DA768DA}
		{E6511F47-A5BE-40DB-8F46-A3F8FA77F69A} = {22C3CDF0-BE57-43CD-B16D-74343DA768DA}
		{7A33B441-E1DB-4506-BA72-08D40F3E85B3} = {4033E241-B93C-45BB-96A7-1F3B3679C095}
		{A074590F-2E07-494F-98B7-153F7B423774} = {4033E241-B93C-45BB-96A7-1F3B3679C095}
		{74C8562E-A9E2-4C33-9D7E-85CAD0CBAA01} = {EB5528DF-C503-40F3-9D79-3286BBD9519B}
		{7C83B479-3203-4625-8549-3CAC4404DC43} = {EB5528DF-C503-40F3-9D79-3286BBD9519B}
		{5CFE5C36-4641-4C14-BD85-5F7DD68E9ACF} = {AE20B895-06B9-421E-AABB-835CB0488464}
		{065A2F6B-EFFB-4E3D-90AD-ADA8C95D879A} = {AE20B895-06B9-421E-AABB-835CB0488464}
		{3CA284FD-0D40-4EA3-8F94-9F9A7730AF50} = {CA7950A9-C0EC-47E9-BBCB-EE1CA58CFA52}
		{291EAF1B-D1AD-4C72-84FA-63AA200F62B3} = {CA7950A9-C0EC-47E9-BBCB-EE1CA58CFA52}
		{D4231A23-CD11-4B5A-BA26-DDC9553AAF6A} = {BD6B7E9B-F7B9-4728-A3CE-55EEC260785E}
		{FED788E7-3309-45C8-AC01-A582171C0310} = {BD6B7E9B-F7B9-4728-A3CE-55EEC260785E}
		{8C8CCC87-4AC4-4BD4-8D70-457E500EDEDA} = {6A6BDC18-521E-47E5-AD88-9FE153715859}
		{A377A29B-62F0-47EE-9FB6-05769267A73C} = {6A6BDC18-521E-47E5-AD88-9FE153715859}
		{E42A4F69-09E6-4FEB-AE09-A7C726A09AAF} = {33629170-7960-47BC-A99A-C8861A7079BF}
		{66044601-ECA4-42D2-85F6-DF46505AD342} = {33629170-7960-47BC-A99A-C8861A7079BF}
	EndGlobalSection
	GlobalSection(ExtensibilityGlobals) = postSolution
		SolutionGuid = {288422BB-D687-4B0D-8009-9B4DEEC0D232}
	EndGlobalSection
EndGlobal
